
Microsoft Visual Studio Solution File, Format Version 12.00
# Visual Studio Version 17
VisualStudioVersion = 17.11.35222.181
MinimumVisualStudioVersion = 10.0.40219.1
Project("{FAE04EC0-301F-11D3-BF4B-00C04F79EFBC}") = "Auto", "Auto.csproj", "{9872B7AE-5C1B-4FE0-869D-134080433248}"
EndProject
Global
	GlobalSection(SolutionConfigurationPlatforms) = preSolution
		Debug|Any CPU = Debug|Any CPU
		Release|Any CPU = Release|Any CPU
	EndGlobalSection
	GlobalSection(ProjectConfigurationPlatforms) = postSolution
		{9872B7AE-5C1B-4FE0-869D-134080433248}.Debug|Any CPU.ActiveCfg = Debug|Any CPU
		{9872B7AE-5C1B-4FE0-869D-134080433248}.Debug|Any CPU.Build.0 = Debug|Any CPU
		{9872B7AE-5C1B-4FE0-869D-134080433248}.Release|Any CPU.ActiveCfg = Release|Any CPU
		{9872B7AE-5C1B-4FE0-869D-134080433248}.Release|Any CPU.Build.0 = Release|Any CPU
	EndGlobalSection
	GlobalSection(SolutionProperties) = preSolution
		HideSolutionNode = FALSE
	EndGlobalSection
	GlobalSection(ExtensibilityGlobals) = postSolution
		SolutionGuid = {CEA37A33-98C3-4ADF-A704-6BEBE1D682A9}
	EndGlobalSection
EndGlobal
